// !$*UTF8*$!
{
	archiveVersion = 1;
	classes = {
	};
	objectVersion = 46;
	objects = {

/* Begin PBXBuildFile section */
		3E9F161F21981F5100712441 /* AppDelegate.swift in Sources */ = {isa = PBXBuildFile; fileRef = 3E9F161E21981F5100712441 /* AppDelegate.swift */; };
		3E9F162121981F5100712441 /* ViewController.swift in Sources */ = {isa = PBXBuildFile; fileRef = 3E9F162021981F5100712441 /* ViewController.swift */; };
		3E9F162421981F5100712441 /* Main.storyboard in Resources */ = {isa = PBXBuildFile; fileRef = 3E9F162221981F5100712441 /* Main.storyboard */; };
		3E9F162721981F5100712441 /* TheDGmbh_Task.xcdatamodeld in Sources */ = {isa = PBXBuildFile; fileRef = 3E9F162521981F5100712441 /* TheDGmbh_Task.xcdatamodeld */; };
		3E9F162921981F5100712441 /* Assets.xcassets in Resources */ = {isa = PBXBuildFile; fileRef = 3E9F162821981F5100712441 /* Assets.xcassets */; };
		3E9F162C21981F5100712441 /* LaunchScreen.storyboard in Resources */ = {isa = PBXBuildFile; fileRef = 3E9F162A21981F5100712441 /* LaunchScreen.storyboard */; };
		3E9F163721981F5200712441 /* TheDGmbh_TaskTests.swift in Sources */ = {isa = PBXBuildFile; fileRef = 3E9F163621981F5200712441 /* TheDGmbh_TaskTests.swift */; };
		3E9F164221981F5200712441 /* TheDGmbh_TaskUITests.swift in Sources */ = {isa = PBXBuildFile; fileRef = 3E9F164121981F5200712441 /* TheDGmbh_TaskUITests.swift */; };
/* End PBXBuildFile section */

/* Begin PBXContainerItemProxy section */
		3E9F163321981F5200712441 /* PBXContainerItemProxy */ = {
			isa = PBXContainerItemProxy;
			containerPortal = 3E9F161321981F5100712441 /* Project object */;
			proxyType = 1;
			remoteGlobalIDString = 3E9F161A21981F5100712441;
			remoteInfo = TheDGmbh_Task;
		};
		3E9F163E21981F5200712441 /* PBXContainerItemProxy */ = {
			isa = PBXContainerItemProxy;
			containerPortal = 3E9F161321981F5100712441 /* Project object */;
			proxyType = 1;
			remoteGlobalIDString = 3E9F161A21981F5100712441;
			remoteInfo = TheDGmbh_Task;
		};
/* End PBXContainerItemProxy section */

/* Begin PBXFileReference section */
		3E9F161B21981F5100712441 /* TheDGmbh_Task.app */ = {isa = PBXFileReference; explicitFileType = wrapper.application; includeInIndex = 0; path = TheDGmbh_Task.app; sourceTree = BUILT_PRODUCTS_DIR; };
		3E9F161E21981F5100712441 /* AppDelegate.swift */ = {isa = PBXFileReference; lastKnownFileType = sourcecode.swift; path = AppDelegate.swift; sourceTree = "<group>"; };
		3E9F162021981F5100712441 /* ViewController.swift */ = {isa = PBXFileReference; lastKnownFileType = sourcecode.swift; path = ViewController.swift; sourceTree = "<group>"; };
		3E9F162321981F5100712441 /* Base */ = {isa = PBXFileReference; lastKnownFileType = file.storyboard; name = Base; path = Base.lproj/Main.storyboard; sourceTree = "<group>"; };
		3E9F162621981F5100712441 /* TheDGmbh_Task.xcdatamodel */ = {isa = PBXFileReference; lastKnownFileType = wrapper.xcdatamodel; path = TheDGmbh_Task.xcdatamodel; sourceTree = "<group>"; };
		3E9F162821981F5100712441 /* Assets.xcassets */ = {isa = PBXFileReference; lastKnownFileType = folder.assetcatalog; path = Assets.xcassets; sourceTree = "<group>"; };
		3E9F162B21981F5100712441 /* Base */ = {isa = PBXFileReference; lastKnownFileType = file.storyboard; name = Base; path = Base.lproj/LaunchScreen.storyboard; sourceTree = "<group>"; };
		3E9F162D21981F5100712441 /* Info.plist */ = {isa = PBXFileReference; lastKnownFileType = text.plist.xml; path = Info.plist; sourceTree = "<group>"; };
		3E9F163221981F5200712441 /* TheDGmbh_TaskTests.xctest */ = {isa = PBXFileReference; explicitFileType = wrapper.cfbundle; includeInIndex = 0; path = TheDGmbh_TaskTests.xctest; sourceTree = BUILT_PRODUCTS_DIR; };
		3E9F163621981F5200712441 /* TheDGmbh_TaskTests.swift */ = {isa = PBXFileReference; lastKnownFileType = sourcecode.swift; path = TheDGmbh_TaskTests.swift; sourceTree = "<group>"; };
		3E9F163821981F5200712441 /* Info.plist */ = {isa = PBXFileReference; lastKnownFileType = text.plist.xml; path = Info.plist; sourceTree = "<group>"; };
		3E9F163D21981F5200712441 /* TheDGmbh_TaskUITests.xctest */ = {isa = PBXFileReference; explicitFileType = wrapper.cfbundle; includeInIndex = 0; path = TheDGmbh_TaskUITests.xctest; sourceTree = BUILT_PRODUCTS_DIR; };
		3E9F164121981F5200712441 /* TheDGmbh_TaskUITests.swift */ = {isa = PBXFileReference; lastKnownFileType = sourcecode.swift; path = TheDGmbh_TaskUITests.swift; sourceTree = "<group>"; };
		3E9F164321981F5200712441 /* Info.plist */ = {isa = PBXFileReference; lastKnownFileType = text.plist.xml; path = Info.plist; sourceTree = "<group>"; };
/* End PBXFileReference section */

/* Begin PBXFrameworksBuildPhase section */
		3E9F161821981F5100712441 /* Frameworks */ = {
			isa = PBXFrameworksBuildPhase;
			buildActionMask = 2147483647;
			files = (
			);
			runOnlyForDeploymentPostprocessing = 0;
		};
		3E9F162F21981F5200712441 /* Frameworks */ = {
			isa = PBXFrameworksBuildPhase;
			buildActionMask = 2147483647;
			files = (
			);
			runOnlyForDeploymentPostprocessing = 0;
		};
		3E9F163A21981F5200712441 /* Frameworks */ = {
			isa = PBXFrameworksBuildPhase;
			buildActionMask = 2147483647;
			files = (
			);
			runOnlyForDeploymentPostprocessing = 0;
		};
/* End PBXFrameworksBuildPhase section */

/* Begin PBXGroup section */
		3E9F161221981F5100712441 = {
			isa = PBXGroup;
			children = (
				3E9F161D21981F5100712441 /* TheDGmbh_Task */,
				3E9F163521981F5200712441 /* TheDGmbh_TaskTests */,
				3E9F164021981F5200712441 /* TheDGmbh_TaskUITests */,
				3E9F161C21981F5100712441 /* Products */,
			);
			sourceTree = "<group>";
		};
		3E9F161C21981F5100712441 /* Products */ = {
			isa = PBXGroup;
			children = (
				3E9F161B21981F5100712441 /* TheDGmbh_Task.app */,
				3E9F163221981F5200712441 /* TheDGmbh_TaskTests.xctest */,
				3E9F163D21981F5200712441 /* TheDGmbh_TaskUITests.xctest */,
			);
			name = Products;
			sourceTree = "<group>";
		};
		3E9F161D21981F5100712441 /* TheDGmbh_Task */ = {
			isa = PBXGroup;
			children = (
				3E9F161E21981F5100712441 /* AppDelegate.swift */,
				3E9F162021981F5100712441 /* ViewController.swift */,
				3E9F162221981F5100712441 /* Main.storyboard */,
				3E9F162821981F5100712441 /* Assets.xcassets */,
				3E9F162A21981F5100712441 /* LaunchScreen.storyboard */,
				3E9F162D21981F5100712441 /* Info.plist */,
				3E9F162521981F5100712441 /* TheDGmbh_Task.xcdatamodeld */,
			);
			path = TheDGmbh_Task;
			sourceTree = "<group>";
		};
		3E9F163521981F5200712441 /* TheDGmbh_TaskTests */ = {
			isa = PBXGroup;
			children = (
				3E9F163621981F5200712441 /* TheDGmbh_TaskTests.swift */,
				3E9F163821981F5200712441 /* Info.plist */,
			);
			path = TheDGmbh_TaskTests;
			sourceTree = "<group>";
		};
		3E9F164021981F5200712441 /* TheDGmbh_TaskUITests */ = {
			isa = PBXGroup;
			children = (
				3E9F164121981F5200712441 /* TheDGmbh_TaskUITests.swift */,
				3E9F164321981F5200712441 /* Info.plist */,
			);
			path = TheDGmbh_TaskUITests;
			sourceTree = "<group>";
		};
/* End PBXGroup section */

/* Begin PBXNativeTarget section */
		3E9F161A21981F5100712441 /* TheDGmbh_Task */ = {
			isa = PBXNativeTarget;
			buildConfigurationList = 3E9F164621981F5200712441 /* Build configuration list for PBXNativeTarget "TheDGmbh_Task" */;
			buildPhases = (
				3E9F161721981F5100712441 /* Sources */,
				3E9F161821981F5100712441 /* Frameworks */,
				3E9F161921981F5100712441 /* Resources */,
			);
			buildRules = (
			);
			dependencies = (
			);
			name = TheDGmbh_Task;
			productName = TheDGmbh_Task;
			productReference = 3E9F161B21981F5100712441 /* TheDGmbh_Task.app */;
			productType = "com.apple.product-type.application";
		};
		3E9F163121981F5200712441 /* TheDGmbh_TaskTests */ = {
			isa = PBXNativeTarget;
			buildConfigurationList = 3E9F164921981F5200712441 /* Build configuration list for PBXNativeTarget "TheDGmbh_TaskTests" */;
			buildPhases = (
				3E9F162E21981F5200712441 /* Sources */,
				3E9F162F21981F5200712441 /* Frameworks */,
				3E9F163021981F5200712441 /* Resources */,
			);
			buildRules = (
			);
			dependencies = (
				3E9F163421981F5200712441 /* PBXTargetDependency */,
			);
			name = TheDGmbh_TaskTests;
			productName = TheDGmbh_TaskTests;
			productReference = 3E9F163221981F5200712441 /* TheDGmbh_TaskTests.xctest */;
			productType = "com.apple.product-type.bundle.unit-test";
		};
		3E9F163C21981F5200712441 /* TheDGmbh_TaskUITests */ = {
			isa = PBXNativeTarget;
			buildConfigurationList = 3E9F164C21981F5200712441 /* Build configuration list for PBXNativeTarget "TheDGmbh_TaskUITests" */;
			buildPhases = (
				3E9F163921981F5200712441 /* Sources */,
				3E9F163A21981F5200712441 /* Frameworks */,
				3E9F163B21981F5200712441 /* Resources */,
			);
			buildRules = (
			);
			dependencies = (
				3E9F163F21981F5200712441 /* PBXTargetDependency */,
			);
			name = TheDGmbh_TaskUITests;
			productName = TheDGmbh_TaskUITests;
			productReference = 3E9F163D21981F5200712441 /* TheDGmbh_TaskUITests.xctest */;
			productType = "com.apple.product-type.bundle.ui-testing";
		};
/* End PBXNativeTarget section */

/* Begin PBXProject section */
		3E9F161321981F5100712441 /* Project object */ = {
			isa = PBXProject;
			attributes = {
				LastSwiftUpdateCheck = 0800;
				LastUpgradeCheck = 0800;
				ORGANIZATIONNAME = mino;
				TargetAttributes = {
					3E9F161A21981F5100712441 = {
						CreatedOnToolsVersion = 8.0;
						DevelopmentTeam = R7ZGAK5G6L;
						ProvisioningStyle = Automatic;
					};
					3E9F163121981F5200712441 = {
						CreatedOnToolsVersion = 8.0;
						DevelopmentTeam = R7ZGAK5G6L;
						ProvisioningStyle = Automatic;
						TestTargetID = 3E9F161A21981F5100712441;
					};
					3E9F163C21981F5200712441 = {
						CreatedOnToolsVersion = 8.0;
						DevelopmentTeam = R7ZGAK5G6L;
						ProvisioningStyle = Automatic;
						TestTargetID = 3E9F161A21981F5100712441;
					};
				};
			};
			buildConfigurationList = 3E9F161621981F5100712441 /* Build configuration list for PBXProject "TheDGmbh_Task" */;
			compatibilityVersion = "Xcode 3.2";
			developmentRegion = English;
			hasScannedForEncodings = 0;
			knownRegions = (
				en,
				Base,
			);
			mainGroup = 3E9F161221981F5100712441;
			productRefGroup = 3E9F161C21981F5100712441 /* Products */;
			projectDirPath = "";
			projectRoot = "";
			targets = (
				3E9F161A21981F5100712441 /* TheDGmbh_Task */,
				3E9F163121981F5200712441 /* TheDGmbh_TaskTests */,
				3E9F163C21981F5200712441 /* TheDGmbh_TaskUITests */,
			);
		};
/* End PBXProject section */

/* Begin PBXResourcesBuildPhase section */
		3E9F161921981F5100712441 /* Resources */ = {
			isa = PBXResourcesBuildPhase;
			buildActionMask = 2147483647;
			files = (
				3E9F162C21981F5100712441 /* LaunchScreen.storyboard in Resources */,
				3E9F162921981F5100712441 /* Assets.xcassets in Resources */,
				3E9F162421981F5100712441 /* Main.storyboard in Resources */,
			);
			runOnlyForDeploymentPostprocessing = 0;
		};
		3E9F163021981F5200712441 /* Resources */ = {
			isa = PBXResourcesBuildPhase;
			buildActionMask = 2147483647;
			files = (
			);
			runOnlyForDeploymentPostprocessing = 0;
		};
		3E9F163B21981F5200712441 /* Resources */ = {
			isa = PBXResourcesBuildPhase;
			buildActionMask = 2147483647;
			files = (
			);
			runOnlyForDeploymentPostprocessing = 0;
		};
/* End PBXResourcesBuildPhase section */

/* Begin PBXSourcesBuildPhase section */
		3E9F161721981F5100712441 /* Sources */ = {
			isa = PBXSourcesBuildPhase;
			buildActionMask = 2147483647;
			files = (
				3E9F162721981F5100712441 /* TheDGmbh_Task.xcdatamodeld in Sources */,
				3E9F162121981F5100712441 /* ViewController.swift in Sources */,
				3E9F161F21981F5100712441 /* AppDelegate.swift in Sources */,
			);
			runOnlyForDeploymentPostprocessing = 0;
		};
		3E9F162E21981F5200712441 /* Sources */ = {
			isa = PBXSourcesBuildPhase;
			buildActionMask = 2147483647;
			files = (
				3E9F163721981F5200712441 /* TheDGmbh_TaskTests.swift in Sources */,
			);
			runOnlyForDeploymentPostprocessing = 0;
		};
		3E9F163921981F5200712441 /* Sources */ = {
			isa = PBXSourcesBuildPhase;
			buildActionMask = 2147483647;
			files = (
				3E9F164221981F5200712441 /* TheDGmbh_TaskUITests.swift in Sources */,
			);
			runOnlyForDeploymentPostprocessing = 0;
		};
/* End PBXSourcesBuildPhase section */

/* Begin PBXTargetDependency section */
		3E9F163421981F5200712441 /* PBXTargetDependency */ = {
			isa = PBXTargetDependency;
			target = 3E9F161A21981F5100712441 /* TheDGmbh_Task */;
			targetProxy = 3E9F163321981F5200712441 /* PBXContainerItemProxy */;
		};
		3E9F163F21981F5200712441 /* PBXTargetDependency */ = {
			isa = PBXTargetDependency;
			target = 3E9F161A21981F5100712441 /* TheDGmbh_Task */;
			targetProxy = 3E9F163E21981F5200712441 /* PBXContainerItemProxy */;
		};
/* End PBXTargetDependency section */

/* Begin PBXVariantGroup section */
		3E9F162221981F5100712441 /* Main.storyboard */ = {
			isa = PBXVariantGroup;
			children = (
				3E9F162321981F5100712441 /* Base */,
			);
			name = Main.storyboard;
			sourceTree = "<group>";
		};
		3E9F162A21981F5100712441 /* LaunchScreen.storyboard */ = {
			isa = PBXVariantGroup;
			children = (
				3E9F162B21981F5100712441 /* Base */,
			);
			name = LaunchScreen.storyboard;
			sourceTree = "<group>";
		};
/* End PBXVariantGroup section */

/* Begin XCBuildConfiguration section */
		3E9F164421981F5200712441 /* Debug */ = {
			isa = XCBuildConfiguration;
			buildSettings = {
				ALWAYS_SEARCH_USER_PATHS = NO;
				CLANG_ANALYZER_NONNULL = YES;
				CLANG_CXX_LANGUAGE_STANDARD = "gnu++0x";
				CLANG_CXX_LIBRARY = "libc++";
				CLANG_ENABLE_MODULES = YES;
				CLANG_ENABLE_OBJC_ARC = YES;
				CLANG_WARN_BOOL_CONVERSION = YES;
				CLANG_WARN_CONSTANT_CONVERSION = YES;
				CLANG_WARN_DIRECT_OBJC_ISA_USAGE = YES_ERROR;
				CLANG_WARN_DOCUMENTATION_COMMENTS = YES;
				CLANG_WARN_EMPTY_BODY = YES;
				CLANG_WARN_ENUM_CONVERSION = YES;
				CLANG_WARN_INFINITE_RECURSION = YES;
				CLANG_WARN_INT_CONVERSION = YES;
				CLANG_WARN_OBJC_ROOT_CLASS = YES_ERROR;
				CLANG_WARN_SUSPICIOUS_MOVES = YES;
				CLANG_WARN_UNREACHABLE_CODE = YES;
				CLANG_WARN__DUPLICATE_METHOD_MATCH = YES;
				"CODE_SIGN_IDENTITY[sdk=iphoneos*]" = "iPhone Developer";
				COPY_PHASE_STRIP = NO;
				DEBUG_INFORMATION_FORMAT = dwarf;
				ENABLE_STRICT_OBJC_MSGSEND = YES;
				ENABLE_TESTABILITY = YES;
				GCC_C_LANGUAGE_STANDARD = gnu99;
				GCC_DYNAMIC_NO_PIC = NO;
				GCC_NO_COMMON_BLOCKS = YES;
				GCC_OPTIMIZATION_LEVEL = 0;
				GCC_PREPROCESSOR_DEFINITIONS = (
					"DEBUG=1",
					"$(inherited)",
				);
				GCC_WARN_64_TO_32_BIT_CONVERSION = YES;
				GCC_WARN_ABOUT_RETURN_TYPE = YES_ERROR;
				GCC_WARN_UNDECLARED_SELECTOR = YES;
				GCC_WARN_UNINITIALIZED_AUTOS = YES_AGGRESSIVE;
				GCC_WARN_UNUSED_FUNCTION = YES;
				GCC_WARN_UNUSED_VARIABLE = YES;
				IPHONEOS_DEPLOYMENT_TARGET = 10.0;
				MTL_ENABLE_DEBUG_INFO = YES;
				ONLY_ACTIVE_ARCH = YES;
				SDKROOT = iphoneos;
				SWIFT_ACTIVE_COMPILATION_CONDITIONS = DEBUG;
				SWIFT_OPTIMIZATION_LEVEL = "-Onone";
				TARGETED_DEVICE_FAMILY = "1,2";
			};
			name = Debug;
		};
		3E9F164521981F5200712441 /* Release */ = {
			isa = XCBuildConfiguration;
			buildSettings = {
				ALWAYS_SEARCH_USER_PATHS = NO;
				CLANG_ANALYZER_NONNULL = YES;
				CLANG_CXX_LANGUAGE_STANDARD = "gnu++0x";
				CLANG_CXX_LIBRARY = "libc++";
				CLANG_ENABLE_MODULES = YES;
				CLANG_ENABLE_OBJC_ARC = YES;
				CLANG_WARN_BOOL_CONVERSION = YES;
				CLANG_WARN_CONSTANT_CONVERSION = YES;
				CLANG_WARN_DIRECT_OBJC_ISA_USAGE = YES_ERROR;
				CLANG_WARN_DOCUMENTATION_COMMENTS = YES;
				CLANG_WARN_EMPTY_BODY = YES;
				CLANG_WARN_ENUM_CONVERSION = YES;
				CLANG_WARN_INFINITE_RECURSION = YES;
				CLANG_WARN_INT_CONVERSION = YES;
				CLANG_WARN_OBJC_ROOT_CLASS = YES_ERROR;
				CLANG_WARN_SUSPICIOUS_MOVES = YES;
				CLANG_WARN_UNREACHABLE_CODE = YES;
				CLANG_WARN__DUPLICATE_METHOD_MATCH = YES;
				"CODE_SIGN_IDENTITY[sdk=iphoneos*]" = "iPhone Developer";
				COPY_PHASE_STRIP = NO;
				DEBUG_INFORMATION_FORMAT = "dwarf-with-dsym";
				ENABLE_NS_ASSERTIONS = NO;
				ENABLE_STRICT_OBJC_MSGSEND = YES;
				GCC_C_LANGUAGE_STANDARD = gnu99;
				GCC_NO_COMMON_BLOCKS = YES;
				GCC_WARN_64_TO_32_BIT_CONVERSION = YES;
				GCC_WARN_ABOUT_RETURN_TYPE = YES_ERROR;
				GCC_WARN_UNDECLARED_SELECTOR = YES;
				GCC_WARN_UNINITIALIZED_AUTOS = YES_AGGRESSIVE;
				GCC_WARN_UNUSED_FUNCTION = YES;
				GCC_WARN_UNUSED_VARIABLE = YES;
				IPHONEOS_DEPLOYMENT_TARGET = 10.0;
				MTL_ENABLE_DEBUG_INFO = NO;
				SDKROOT = iphoneos;
				SWIFT_OPTIMIZATION_LEVEL = "-Owholemodule";
				TARGETED_DEVICE_FAMILY = "1,2";
				VALIDATE_PRODUCT = YES;
			};
			name = Release;
		};
		3E9F164721981F5200712441 /* Debug */ = {
			isa = XCBuildConfiguration;
			buildSettings = {
				ASSETCATALOG_COMPILER_APPICON_NAME = AppIcon;
				DEVELOPMENT_TEAM = R7ZGAK5G6L;
				INFOPLIST_FILE = TheDGmbh_Task/Info.plist;
				LD_RUNPATH_SEARCH_PATHS = "$(inherited) @executable_path/Frameworks";
				PRODUCT_BUNDLE_IDENTIFIER = "mino.TheDGmbh-Task";
				PRODUCT_NAME = "$(TARGET_NAME)";
				SWIFT_VERSION = 3.0;
			};
			name = Debug;
		};
		3E9F164821981F5200712441 /* Release */ = {
			isa = XCBuildConfiguration;
			buildSettings = {
				ASSETCATALOG_COMPILER_APPICON_NAME = AppIcon;
				DEVELOPMENT_TEAM = R7ZGAK5G6L;
				INFOPLIST_FILE = TheDGmbh_Task/Info.plist;
				LD_RUNPATH_SEARCH_PATHS = "$(inherited) @executable_path/Frameworks";
				PRODUCT_BUNDLE_IDENTIFIER = "mino.TheDGmbh-Task";
				PRODUCT_NAME = "$(TARGET_NAME)";
				SWIFT_VERSION = 3.0;
			};
			name = Release;
		};
		3E9F164A21981F5200712441 /* Debug */ = {
			isa = XCBuildConfiguration;
			buildSettings = {
				ALWAYS_EMBED_SWIFT_STANDARD_LIBRARIES = YES;
				BUNDLE_LOADER = "$(TEST_HOST)";
				DEVELOPMENT_TEAM = R7ZGAK5G6L;
				INFOPLIST_FILE = TheDGmbh_TaskTests/Info.plist;
				LD_RUNPATH_SEARCH_PATHS = "$(inherited) @executable_path/Frameworks @loader_path/Frameworks";
				PRODUCT_BUNDLE_IDENTIFIER = "mino.TheDGmbh-TaskTests";
				PRODUCT_NAME = "$(TARGET_NAME)";
				SWIFT_VERSION = 3.0;
				TEST_HOST = "$(BUILT_PRODUCTS_DIR)/TheDGmbh_Task.app/TheDGmbh_Task";
			};
			name = Debug;
		};
		3E9F164B21981F5200712441 /* Release */ = {
			isa = XCBuildConfiguration;
			buildSettings = {
				ALWAYS_EMBED_SWIFT_STANDARD_LIBRARIES = YES;
				BUNDLE_LOADER = "$(TEST_HOST)";
				DEVELOPMENT_TEAM = R7ZGAK5G6L;
				INFOPLIST_FILE = TheDGmbh_TaskTests/Info.plist;
				LD_RUNPATH_SEARCH_PATHS = "$(inherited) @executable_path/Frameworks @loader_path/Frameworks";
				PRODUCT_BUNDLE_IDENTIFIER = "mino.TheDGmbh-TaskTests";
				PRODUCT_NAME = "$(TARGET_NAME)";
				SWIFT_VERSION = 3.0;
				TEST_HOST = "$(BUILT_PRODUCTS_DIR)/TheDGmbh_Task.app/TheDGmbh_Task";
			};
			name = Release;
		};
		3E9F164D21981F5200712441 /* Debug */ = {
			isa = XCBuildConfiguration;
			buildSettings = {
				ALWAYS_EMBED_SWIFT_STANDARD_LIBRARIES = YES;
				DEVELOPMENT_TEAM = R7ZGAK5G6L;
				INFOPLIST_FILE = TheDGmbh_TaskUITests/Info.plist;
				LD_RUNPATH_SEARCH_PATHS = "$(inherited) @executable_path/Frameworks @loader_path/Frameworks";
				PRODUCT_BUNDLE_IDENTIFIER = "mino.TheDGmbh-TaskUITests";
				PRODUCT_NAME = "$(TARGET_NAME)";
				SWIFT_VERSION = 3.0;
				TEST_TARGET_NAME = TheDGmbh_Task;
			};
			name = Debug;
		};
		3E9F164E21981F5200712441 /* Release */ = {
			isa = XCBuildConfiguration;
			buildSettings = {
				ALWAYS_EMBED_SWIFT_STANDARD_LIBRARIES = YES;
				DEVELOPMENT_TEAM = R7ZGAK5G6L;
				INFOPLIST_FILE = TheDGmbh_TaskUITests/Info.plist;
				LD_RUNPATH_SEARCH_PATHS = "$(inherited) @executable_path/Frameworks @loader_path/Frameworks";
				PRODUCT_BUNDLE_IDENTIFIER = "mino.TheDGmbh-TaskUITests";
				PRODUCT_NAME = "$(TARGET_NAME)";
				SWIFT_VERSION = 3.0;
				TEST_TARGET_NAME = TheDGmbh_Task;
			};
			name = Release;
		};
/* End XCBuildConfiguration section */

/* Begin XCConfigurationList section */
		3E9F161621981F5100712441 /* Build configuration list for PBXProject "TheDGmbh_Task" */ = {
			isa = XCConfigurationList;
			buildConfigurations = (
				3E9F164421981F5200712441 /* Debug */,
				3E9F164521981F5200712441 /* Release */,
			);
			defaultConfigurationIsVisible = 0;
			defaultConfigurationName = Release;
		};
		3E9F164621981F5200712441 /* Build configuration list for PBXNativeTarget "TheDGmbh_Task" */ = {
			isa = XCConfigurationList;
			buildConfigurations = (
				3E9F164721981F5200712441 /* Debug */,
				3E9F164821981F5200712441 /* Release */,
			);
			defaultConfigurationIsVisible = 0;
		};
		3E9F164921981F5200712441 /* Build configuration list for PBXNativeTarget "TheDGmbh_TaskTests" */ = {
			isa = XCConfigurationList;
			buildConfigurations = (
				3E9F164A21981F5200712441 /* Debug */,
				3E9F164B21981F5200712441 /* Release */,
			);
			defaultConfigurationIsVisible = 0;
		};
		3E9F164C21981F5200712441 /* Build configuration list for PBXNativeTarget "TheDGmbh_TaskUITests" */ = {
			isa = XCConfigurationList;
			buildConfigurations = (
				3E9F164D21981F5200712441 /* Debug */,
				3E9F164E21981F5200712441 /* Release */,
			);
			defaultConfigurationIsVisible = 0;
		};
/* End XCConfigurationList section */

/* Begin XCVersionGroup section */
		3E9F162521981F5100712441 /* TheDGmbh_Task.xcdatamodeld */ = {
			isa = XCVersionGroup;
			children = (
				3E9F162621981F5100712441 /* TheDGmbh_Task.xcdatamodel */,
			);
			currentVersion = 3E9F162621981F5100712441 /* TheDGmbh_Task.xcdatamodel */;
			path = TheDGmbh_Task.xcdatamodeld;
			sourceTree = "<group>";
			versionGroupType = wrapper.xcdatamodel;
		};
/* End XCVersionGroup section */
	};
	rootObject = 3E9F161321981F5100712441 /* Project object */;
}
